
Microsoft Visual Studio Solution File, Format Version 12.00
# Visual Studio Version 17
VisualStudioVersion = 17.0.31903.59
MinimumVisualStudioVersion = 10.0.40219.1
Project("{FAE04EC0-301F-11D3-BF4B-00C04F79EFBC}") = "WalletApp.Domain", "WalletApp.Domain\WalletApp.Domain.csproj", "{D0DFD811-5F27-492F-90BA-EDD41801DA70}"
EndProject
Project("{FAE04EC0-301F-11D3-BF4B-00C04F79EFBC}") = "WalletApp.Application", "WalletApp.Application\WalletApp.Application.csproj", "{DA73EA7E-48D5-4C6B-BD4F-C51B1DE66B61}"
EndProject
Project("{FAE04EC0-301F-11D3-BF4B-00C04F79EFBC}") = "WalletApp.Infrastructure", "WalletApp.Infrastructure\WalletApp.Infrastructure.csproj", "{137454C4-1659-4815-90BF-E4B21B48EB8C}"
EndProject
Project("{FAE04EC0-301F-11D3-BF4B-00C04F79EFBC}") = "WalletApp.API", "WalletApp.API\WalletApp.API.csproj", "{7329E70F-C193-479C-958F-465C1847D518}"
EndProject
Global
	GlobalSection(SolutionConfigurationPlatforms) = preSolution
		Debug|Any CPU = Debug|Any CPU
		Release|Any CPU = Release|Any CPU
	EndGlobalSection
	GlobalSection(SolutionProperties) = preSolution
		HideSolutionNode = FALSE
	EndGlobalSection
	GlobalSection(ProjectConfigurationPlatforms) = postSolution
		{D0DFD811-5F27-492F-90BA-EDD41801DA70}.Debug|Any CPU.ActiveCfg = Debug|Any CPU
		{D0DFD811-5F27-492F-90BA-EDD41801DA70}.Debug|Any CPU.Build.0 = Debug|Any CPU
		{D0DFD811-5F27-492F-90BA-EDD41801DA70}.Release|Any CPU.ActiveCfg = Release|Any CPU
		{D0DFD811-5F27-492F-90BA-EDD41801DA70}.Release|Any CPU.Build.0 = Release|Any CPU
		{DA73EA7E-48D5-4C6B-BD4F-C51B1DE66B61}.Debug|Any CPU.ActiveCfg = Debug|Any CPU
		{DA73EA7E-48D5-4C6B-BD4F-C51B1DE66B61}.Debug|Any CPU.Build.0 = Debug|Any CPU
		{DA73EA7E-48D5-4C6B-BD4F-C51B1DE66B61}.Release|Any CPU.ActiveCfg = Release|Any CPU
		{DA73EA7E-48D5-4C6B-BD4F-C51B1DE66B61}.Release|Any CPU.Build.0 = Release|Any CPU
		{137454C4-1659-4815-90BF-E4B21B48EB8C}.Debug|Any CPU.ActiveCfg = Debug|Any CPU
		{137454C4-1659-4815-90BF-E4B21B48EB8C}.Debug|Any CPU.Build.0 = Debug|Any CPU
		{137454C4-1659-4815-90BF-E4B21B48EB8C}.Release|Any CPU.ActiveCfg = Release|Any CPU
		{137454C4-1659-4815-90BF-E4B21B48EB8C}.Release|Any CPU.Build.0 = Release|Any CPU
		{7329E70F-C193-479C-958F-465C1847D518}.Debug|Any CPU.ActiveCfg = Debug|Any CPU
		{7329E70F-C193-479C-958F-465C1847D518}.Debug|Any CPU.Build.0 = Debug|Any CPU
		{7329E70F-C193-479C-958F-465C1847D518}.Release|Any CPU.ActiveCfg = Release|Any CPU
		{7329E70F-C193-479C-958F-465C1847D518}.Release|Any CPU.Build.0 = Release|Any CPU
	EndGlobalSection
EndGlobal
